PODS:
  - MMDrawerController (0.5.2):
    - MMDrawerController/Core
    - MMDrawerController/MMDrawerBarButtonItem
    - MMDrawerController/MMDrawerVisualStates
    - MMDrawerController/Subclass
  - MMDrawerController/Core (0.5.2)
  - MMDrawerController/MMDrawerBarButtonItem (0.5.2):
    - MMDrawerController/Core
  - MMDrawerController/MMDrawerVisualStates (0.5.2):
    - MMDrawerController/Core
  - MMDrawerController/Subclass (0.5.2):
    - MMDrawerController/Core
  - SDWebImage (3.5.2):
    - SDWebImage/Core
  - SDWebImage/Core (3.5.2)

DEPENDENCIES:
  - MMDrawerController (= 0.5.2)
  - SDWebImage (= 3.5.2)

SPEC CHECKSUMS:
  MMDrawerController: 60bce0387ff42670d9a5a392e2f531be2fd39ce9
  SDWebImage: fe7ce01ae4e0a884d168f59c9dd82d35baf8429e

COCOAPODS: 0.29.0
